
Microsoft Visual Studio Solution File, Format Version 12.00
# Visual Studio Version 17
VisualStudioVersion = 17.11.35327.3
MinimumVisualStudioVersion = 10.0.40219.1
Project("{FAE04EC0-301F-11D3-BF4B-00C04F79EFBC}") = "Mobile WebApplication", "Mobile WebApplication\Mobile WebApplication.csproj", "{9E1F0B03-7E0B-474D-8356-0231BEB61E16}"
EndProject
Global
	GlobalSection(SolutionConfigurationPlatforms) = preSolution
		Debug|Any CPU = Debug|Any CPU
		Release|Any CPU = Release|Any CPU
	EndGlobalSection
	GlobalSection(ProjectConfigurationPlatforms) = postSolution
		{9E1F0B03-7E0B-474D-8356-0231BEB61E16}.Debug|Any CPU.ActiveCfg = Debug|Any CPU
		{9E1F0B03-7E0B-474D-8356-0231BEB61E16}.Debug|Any CPU.Build.0 = Debug|Any CPU
		{9E1F0B03-7E0B-474D-8356-0231BEB61E16}.Release|Any CPU.ActiveCfg = Release|Any CPU
		{9E1F0B03-7E0B-474D-8356-0231BEB61E16}.Release|Any CPU.Build.0 = Release|Any CPU
	EndGlobalSection
	GlobalSection(SolutionProperties) = preSolution
		HideSolutionNode = FALSE
	EndGlobalSection
	GlobalSection(ExtensibilityGlobals) = postSolution
		SolutionGuid = {8820B515-089E-4F2B-A8B6-F54435D0710A}
	EndGlobalSection
EndGlobal
